
Microsoft Visual Studio Solution File, Format Version 12.00
# Visual Studio 15
VisualStudioVersion = 15.0.28010.2041
MinimumVisualStudioVersion = 10.0.40219.1
Project("{F184B08F-C81C-45F6-A57F-5ABD9991F28F}") = "WindowsApp1", "WindowsApp1\WindowsApp1.vbproj", "{0A30923B-5C20-4E7F-AB74-6F2D7BA2A9D3}"
EndProject
Global
	GlobalSection(SolutionConfigurationPlatforms) = preSolution
		Debug|Any CPU = Debug|Any CPU
		Release|Any CPU = Release|Any CPU
	EndGlobalSection
	GlobalSection(ProjectConfigurationPlatforms) = postSolution
		{0A30923B-5C20-4E7F-AB74-6F2D7BA2A9D3}.Debug|Any CPU.ActiveCfg = Debug|Any CPU
		{0A30923B-5C20-4E7F-AB74-6F2D7BA2A9D3}.Debug|Any CPU.Build.0 = Debug|Any CPU
		{0A30923B-5C20-4E7F-AB74-6F2D7BA2A9D3}.Release|Any CPU.ActiveCfg = Release|Any CPU
		{0A30923B-5C20-4E7F-AB74-6F2D7BA2A9D3}.Release|Any CPU.Build.0 = Release|Any CPU
	EndGlobalSection
	GlobalSection(SolutionProperties) = preSolution
		HideSolutionNode = FALSE
	EndGlobalSection
	GlobalSection(ExtensibilityGlobals) = postSolution
		SolutionGuid = {562C0309-7BFF-446E-9980-C37F14BB06A0}
	EndGlobalSection
EndGlobal
